
Microsoft Visual Studio Solution File, Format Version 12.00
# Visual Studio Version 16
VisualStudioVersion = 16.0.29123.88
MinimumVisualStudioVersion = 10.0.40219.1
Project("{FAE04EC0-301F-11D3-BF4B-00C04F79EFBC}") = "textadventure", "textadventure\textadventure.csproj", "{FD249708-F9CD-496A-8B8A-F54016152646}"
EndProject
Global
	GlobalSection(SolutionConfigurationPlatforms) = preSolution
		Debug|Any CPU = Debug|Any CPU
		Release|Any CPU = Release|Any CPU
	EndGlobalSection
	GlobalSection(ProjectConfigurationPlatforms) = postSolution
		{FD249708-F9CD-496A-8B8A-F54016152646}.Debug|Any CPU.ActiveCfg = Debug|Any CPU
		{FD249708-F9CD-496A-8B8A-F54016152646}.Debug|Any CPU.Build.0 = Debug|Any CPU
		{FD249708-F9CD-496A-8B8A-F54016152646}.Release|Any CPU.ActiveCfg = Release|Any CPU
		{FD249708-F9CD-496A-8B8A-F54016152646}.Release|Any CPU.Build.0 = Release|Any CPU
	EndGlobalSection
	GlobalSection(SolutionProperties) = preSolution
		HideSolutionNode = FALSE
	EndGlobalSection
	GlobalSection(ExtensibilityGlobals) = postSolution
		SolutionGuid = {8786A7ED-13B0-4175-BCF3-244C5214A139}
	EndGlobalSection
EndGlobal
